{
  "name": "javascript-npm",
  "version": "1.0.0",
  "lockfileVersion": 1,
  "requires": true,
  "dependencies": {
    "aframe-extras": {
      "version": "6.1.0",
      "resolved": "https://registry.npmjs.org/aframe-extras/-/aframe-extras-6.1.0.tgz",
      "integrity": "sha512-4UXIRN5juhPCC2DqHQ+pBaFViNEbpXN+TkR7GfF8eJlPbkygeDLlJsNN7cWGIRLRzw4JGGl0tcw8MHlqzH9jtg==",
      "requires": {
        "three-pathfinding": "^0.7.0"
      }
    },
    "simplex-noise": {
      "version": "2.4.0",
      "resolved": "https://registry.npmjs.org/simplex-noise/-/simplex-noise-2.4.0.tgz",
      "integrity": "sha512-OjyDWm/QZjVbMrPxDVi9b2as+SeNn9EBXlrWVRlFW+TSyWMSXouDryXkQN0vf5YP+QZKobrmkvx1eQYPLtuqfw=="
    },
    "three": {
      "version": "0.117.1",
      "resolved": "https://registry.npmjs.org/three/-/three-0.117.1.tgz",
      "integrity": "sha512-t4zeJhlNzUIj9+ub0l6nICVimSuRTZJOqvk3Rmlu+YGdTOJ49Wna8p7aumpkXJakJfITiybfpYE1XN1o1Z34UQ=="
    },
    "three-pathfinding": {
      "version": "0.7.0",
      "resolved": "https://registry.npmjs.org/three-pathfinding/-/three-pathfinding-0.7.0.tgz",
      "integrity": "sha512-UwWvzgio1UFe81n5jKHNzB4B+AG3wfZ54OKp7bTb1MHuC3cy6RTtr0dbbiPQQoqxzr+DRArR2DUwQSEknw5+nw=="
    },
    "three.cubemap-to-equirectangular": {
      "version": "1.1.2",
      "resolved": "https://registry.npmjs.org/three.cubemap-to-equirectangular/-/three.cubemap-to-equirectangular-1.1.2.tgz",
      "integrity": "sha512-PD+EQctdO2vU8qZTMibB/ZTuB0Sw4rk4PECxjznB0XQPPisyjYSfocLwAgFUnc3Y2kO7ZWUku0ATdV9IbFfKFw=="
    }
  }
}
