{
  "name": "javascript-npm",
  "version": "1.0.0",
  "lockfileVersion": 1,
  "requires": true,
  "dependencies": {
    "three.cubemap-to-equirectangular": {
      "version": "1.1.2",
      "resolved": "https://registry.npmjs.org/three.cubemap-to-equirectangular/-/three.cubemap-to-equirectangular-1.1.2.tgz",
      "integrity": "sha512-PD+EQctdO2vU8qZTMibB/ZTuB0Sw4rk4PECxjznB0XQPPisyjYSfocLwAgFUnc3Y2kO7ZWUku0ATdV9IbFfKFw=="
    }
  }
}
